github.com/dgrijalva/jwt-go v3.2.0+incompatible h1:7qlOGliEKZXTDg6OTjfoBKDXWrumCAMpl/TFQ4/5kLM=
github.com/dgrijalva/jwt-go v3.2.0+incompatible/go.mod h1:E3ru+11k8xSBh+hMPgOLZmtrrCbhqsmaPHjLKYnJCaQ=
github.com/gorilla/schema v1.4.1 h1:jUg5hUjCSDZpNGLuXQOgIWGdlgrIdYvgQ0wZtdK1M3E=
github.com/gorilla/schema v1.4.1/go.mod h1:Dg5SSm5PV60mhF2NFaTV1xuYYj8tV8NOPRo4FggUMnM=
github.com/techpartners-asia/balc-api-go v1.0.0 h1:kpqmZ1UIkNUXqiyulHu6O43rDg3Q/LlOXvuy39TiMf0=
github.com/techpartners-asia/balc-api-go v1.0.0/go.mod h1:n/p3xtACMzcyhg3I9IrSsP+vCOAXsZBtApIa667C9tc=
github.com/techpartners-asia/golomt-api-go v0.0.15 h1:8mI58q7/QeuVwCKxGDCUhE7rcLvnSAcmm26OizFRuig=
github.com/techpartners-asia/golomt-api-go v0.0.15/go.mod h1:u49WyLl65gZfVF49Ioe5tiDa8iICLpHxG6Qcoqer12M=
github.com/techpartners-asia/monpay-go v1.0.0 h1:3nXIlWQyd5vYvmj9nvylNqk1HA+GSqrY7tbPcGBNnSE=
github.com/techpartners-asia/monpay-go v1.0.0/go.mod h1:khBqayetFO0mj981X1alws+gl8sxW5VpygT2KC0xuRQ=
github.com/techpartners-asia/pocket-go v0.0.0-20250109090209-90886b51b423 h1:RL+Kvfdfdog+bsRBw8N3c0AfucR+eXW8kFhqOtkwJuA=
github.com/techpartners-asia/pocket-go v0.0.0-20250109090209-90886b51b423/go.mod h1:ab81icDfrzNT5SypFmoRM2mwMFbERJ2NS80V2oW7Uhc=
github.com/techpartners-asia/qpay-go v1.0.2 h1:g0oBAYlQ3qgV00EP22B6C6CUdFQPjw4nIYcfh/J4BVc=
github.com/techpartners-asia/qpay-go v1.0.2/go.mod h1:Yr2xvaNn3mb7X5tqURc1OYlCIkwNYKyMMW6uo3u6IH4=
github.com/techpartners-asia/simple-go v1.0.2 h1:8CRwI4YYJOWTE0RNgK57NwfgxTWg9wlQMA9LYGK0Hi4=
github.com/techpartners-asia/simple-go v1.0.2/go.mod h1:VX/7qoZXnO49CoXvyKz38JOEhKH9Z2Q5IFSN8tT6sP4=
github.com/techpartners-asia/storepay-go v1.0.0 h1:VpX9XLbxYcdKMlFnIteQTcNootkqKrlamY5ezLGD1Jw=
github.com/techpartners-asia/storepay-go v1.0.0/go.mod h1:ymo9IYPtHmefPbVxfgz7Us5bnmUCSYkEF+6VnSQyZmA=
github.com/techpartners-asia/tokipay-go v1.0.0 h1:mBAaIUw2MM7VVJN6J2srBHvIG7MU0g8fr1Juke2hlrA=
github.com/techpartners-asia/tokipay-go v1.0.0/go.mod h1:eKOOiDtQtk9auBycqB0NyWFe2YDHYCTjlISHx8iTLHo=
golang.org/x/crypto v0.31.0 h1:ihbySMvVjLAeSH1IbfcRTkD/iNscyz8rGzjF/E5hV6U=
golang.org/x/crypto v0.31.0/go.mod h1:kDsLvtWBEx7MV9tJOj9bnXsPbxwJQ6csT/x4KIN4Ssk=
golang.org/x/net v0.33.0 h1:74SYHlV8BIgHIFC/LrYkOGIwL19eTYXQ5wc6TBuO36I=
golang.org/x/net v0.33.0/go.mod h1:HXLR5J+9DxmrqMwG9qjGCxZ+zKXxBru04zlTvWlWuN4=
resty.dev/v3 v3.0.0-beta.3 h1:3kEwzEgCnnS6Ob4Emlk94t+I/gClyoah7SnNi67lt+E=
resty.dev/v3 v3.0.0-beta.3/go.mod h1:OgkqiPvTDtOuV4MGZuUDhwOpkY8enjOsjjMzeOHefy4=
